// !$*UTF8*$!
{
	archiveVersion = 1;
	classes = {
	};
	objectVersion = 56;
	objects = {

/* Begin PBXBuildFile section */
		A1000001 /* SpotterApp.swift in Sources */ = {isa = PBXBuildFile; fileRef = A2000001; };
		A1000002 /* ContentView.swift in Sources */ = {isa = PBXBuildFile; fileRef = A2000002; };
		A1000003 /* WeightUnit.swift in Sources */ = {isa = PBXBuildFile; fileRef = A2000003; };
		A1000004 /* ExerciseModality.swift in Sources */ = {isa = PBXBuildFile; fileRef = A2000004; };
		A1000005 /* Exercise.swift in Sources */ = {isa = PBXBuildFile; fileRef = A2000005; };
		A1000006 /* Session.swift in Sources */ = {isa = PBXBuildFile; fileRef = A2000006; };
		A1000007 /* SetEntry.swift in Sources */ = {isa = PBXBuildFile; fileRef = A2000007; };
		A1000008 /* TrainingPlan.swift in Sources */ = {isa = PBXBuildFile; fileRef = A2000008; };
		A1000009 /* PlanDay.swift in Sources */ = {isa = PBXBuildFile; fileRef = A2000009; };
		A1000010 /* PlannedExercise.swift in Sources */ = {isa = PBXBuildFile; fileRef = A2000010; };
		A1000011 /* DesignTokens.swift in Sources */ = {isa = PBXBuildFile; fileRef = A2000011; };
		A1000012 /* HapticManager.swift in Sources */ = {isa = PBXBuildFile; fileRef = A2000012; };
		A1000013 /* DateFormatters.swift in Sources */ = {isa = PBXBuildFile; fileRef = A2000013; };
		A1000014 /* OneRepMaxCalculator.swift in Sources */ = {isa = PBXBuildFile; fileRef = A2000014; };
		A1000015 /* TodayView.swift in Sources */ = {isa = PBXBuildFile; fileRef = A2000015; };
		A1000016 /* LastSessionCard.swift in Sources */ = {isa = PBXBuildFile; fileRef = A2000016; };
		A1000017 /* TodaySessionCard.swift in Sources */ = {isa = PBXBuildFile; fileRef = A2000017; };
		A1000018 /* ActiveSessionView.swift in Sources */ = {isa = PBXBuildFile; fileRef = A2000018; };
		A1000019 /* SessionCompleteView.swift in Sources */ = {isa = PBXBuildFile; fileRef = A2000019; };
		A1000020 /* HistoryView.swift in Sources */ = {isa = PBXBuildFile; fileRef = A2000020; };
		A1000021 /* CalendarView.swift in Sources */ = {isa = PBXBuildFile; fileRef = A2000021; };
		A1000022 /* SessionDetailView.swift in Sources */ = {isa = PBXBuildFile; fileRef = A2000022; };
		A1000023 /* TrendsView.swift in Sources */ = {isa = PBXBuildFile; fileRef = A2000023; };
		A1000024 /* SettingsView.swift in Sources */ = {isa = PBXBuildFile; fileRef = A2000024; };
		A1000025 /* PlanSetupView.swift in Sources */ = {isa = PBXBuildFile; fileRef = A2000025; };
		A1000026 /* ExerciseLibraryView.swift in Sources */ = {isa = PBXBuildFile; fileRef = A2000026; };
		A1000027 /* ExerciseSeeder.swift in Sources */ = {isa = PBXBuildFile; fileRef = A2000027; };
		A1000028 /* DefaultExercises.json in Resources */ = {isa = PBXBuildFile; fileRef = A2000028; };
		A1000029 /* Assets.xcassets in Resources */ = {isa = PBXBuildFile; fileRef = A2000029; };
/* End PBXBuildFile section */

/* Begin PBXFileReference section */
		A2000001 /* SpotterApp.swift */ = {isa = PBXFileReference; lastKnownFileType = sourcecode.swift; path = SpotterApp.swift; sourceTree = "<group>"; };
		A2000002 /* ContentView.swift */ = {isa = PBXFileReference; lastKnownFileType = sourcecode.swift; path = ContentView.swift; sourceTree = "<group>"; };
		A2000003 /* WeightUnit.swift */ = {isa = PBXFileReference; lastKnownFileType = sourcecode.swift; path = WeightUnit.swift; sourceTree = "<group>"; };
		A2000004 /* ExerciseModality.swift */ = {isa = PBXFileReference; lastKnownFileType = sourcecode.swift; path = ExerciseModality.swift; sourceTree = "<group>"; };
		A2000005 /* Exercise.swift */ = {isa = PBXFileReference; lastKnownFileType = sourcecode.swift; path = Exercise.swift; sourceTree = "<group>"; };
		A2000006 /* Session.swift */ = {isa = PBXFileReference; lastKnownFileType = sourcecode.swift; path = Session.swift; sourceTree = "<group>"; };
		A2000007 /* SetEntry.swift */ = {isa = PBXFileReference; lastKnownFileType = sourcecode.swift; path = SetEntry.swift; sourceTree = "<group>"; };
		A2000008 /* TrainingPlan.swift */ = {isa = PBXFileReference; lastKnownFileType = sourcecode.swift; path = TrainingPlan.swift; sourceTree = "<group>"; };
		A2000009 /* PlanDay.swift */ = {isa = PBXFileReference; lastKnownFileType = sourcecode.swift; path = PlanDay.swift; sourceTree = "<group>"; };
		A2000010 /* PlannedExercise.swift */ = {isa = PBXFileReference; lastKnownFileType = sourcecode.swift; path = PlannedExercise.swift; sourceTree = "<group>"; };
		A2000011 /* DesignTokens.swift */ = {isa = PBXFileReference; lastKnownFileType = sourcecode.swift; path = DesignTokens.swift; sourceTree = "<group>"; };
		A2000012 /* HapticManager.swift */ = {isa = PBXFileReference; lastKnownFileType = sourcecode.swift; path = HapticManager.swift; sourceTree = "<group>"; };
		A2000013 /* DateFormatters.swift */ = {isa = PBXFileReference; lastKnownFileType = sourcecode.swift; path = DateFormatters.swift; sourceTree = "<group>"; };
		A2000014 /* OneRepMaxCalculator.swift */ = {isa = PBXFileReference; lastKnownFileType = sourcecode.swift; path = OneRepMaxCalculator.swift; sourceTree = "<group>"; };
		A2000015 /* TodayView.swift */ = {isa = PBXFileReference; lastKnownFileType = sourcecode.swift; path = TodayView.swift; sourceTree = "<group>"; };
		A2000016 /* LastSessionCard.swift */ = {isa = PBXFileReference; lastKnownFileType = sourcecode.swift; path = LastSessionCard.swift; sourceTree = "<group>"; };
		A2000017 /* TodaySessionCard.swift */ = {isa = PBXFileReference; lastKnownFileType = sourcecode.swift; path = TodaySessionCard.swift; sourceTree = "<group>"; };
		A2000018 /* ActiveSessionView.swift */ = {isa = PBXFileReference; lastKnownFileType = sourcecode.swift; path = ActiveSessionView.swift; sourceTree = "<group>"; };
		A2000019 /* SessionCompleteView.swift */ = {isa = PBXFileReference; lastKnownFileType = sourcecode.swift; path = SessionCompleteView.swift; sourceTree = "<group>"; };
		A2000020 /* HistoryView.swift */ = {isa = PBXFileReference; lastKnownFileType = sourcecode.swift; path = HistoryView.swift; sourceTree = "<group>"; };
		A2000021 /* CalendarView.swift */ = {isa = PBXFileReference; lastKnownFileType = sourcecode.swift; path = CalendarView.swift; sourceTree = "<group>"; };
		A2000022 /* SessionDetailView.swift */ = {isa = PBXFileReference; lastKnownFileType = sourcecode.swift; path = SessionDetailView.swift; sourceTree = "<group>"; };
		A2000023 /* TrendsView.swift */ = {isa = PBXFileReference; lastKnownFileType = sourcecode.swift; path = TrendsView.swift; sourceTree = "<group>"; };
		A2000024 /* SettingsView.swift */ = {isa = PBXFileReference; lastKnownFileType = sourcecode.swift; path = SettingsView.swift; sourceTree = "<group>"; };
		A2000025 /* PlanSetupView.swift */ = {isa = PBXFileReference; lastKnownFileType = sourcecode.swift; path = PlanSetupView.swift; sourceTree = "<group>"; };
		A2000026 /* ExerciseLibraryView.swift */ = {isa = PBXFileReference; lastKnownFileType = sourcecode.swift; path = ExerciseLibraryView.swift; sourceTree = "<group>"; };
		A2000027 /* ExerciseSeeder.swift */ = {isa = PBXFileReference; lastKnownFileType = sourcecode.swift; path = ExerciseSeeder.swift; sourceTree = "<group>"; };
		A2000028 /* DefaultExercises.json */ = {isa = PBXFileReference; lastKnownFileType = text.json; path = DefaultExercises.json; sourceTree = "<group>"; };
		A2000029 /* Assets.xcassets */ = {isa = PBXFileReference; lastKnownFileType = folder.assetcatalog; path = Assets.xcassets; sourceTree = "<group>"; };
		A3000001 /* Spotter.app */ = {isa = PBXFileReference; explicitFileType = wrapper.application; includeInIndex = 0; path = Spotter.app; sourceTree = BUILT_PRODUCTS_DIR; };
/* End PBXFileReference section */

/* Begin PBXFrameworksBuildPhase section */
		A4000001 /* Frameworks */ = {
			isa = PBXFrameworksBuildPhase;
			buildActionMask = 2147483647;
			files = (
			);
			runOnlyForDeploymentPostprocessing = 0;
		};
/* End PBXFrameworksBuildPhase section */

/* Begin PBXGroup section */
		A5000001 = {
			isa = PBXGroup;
			children = (
				A5000002 /* Spotter */,
				A5000003 /* Products */,
			);
			sourceTree = "<group>";
		};
		A5000002 /* Spotter */ = {
			isa = PBXGroup;
			children = (
				A2000001 /* SpotterApp.swift */,
				A2000002 /* ContentView.swift */,
				A5000004 /* Models */,
				A5000005 /* Views */,
				A5000011 /* Utilities */,
				A5000012 /* Services */,
				A5000013 /* Resources */,
			);
			path = Spotter;
			sourceTree = "<group>";
		};
		A5000003 /* Products */ = {
			isa = PBXGroup;
			children = (
				A3000001 /* Spotter.app */,
			);
			name = Products;
			sourceTree = "<group>";
		};
		A5000004 /* Models */ = {
			isa = PBXGroup;
			children = (
				A2000003 /* WeightUnit.swift */,
				A2000004 /* ExerciseModality.swift */,
				A2000005 /* Exercise.swift */,
				A2000006 /* Session.swift */,
				A2000007 /* SetEntry.swift */,
				A2000008 /* TrainingPlan.swift */,
				A2000009 /* PlanDay.swift */,
				A2000010 /* PlannedExercise.swift */,
			);
			path = Models;
			sourceTree = "<group>";
		};
		A5000005 /* Views */ = {
			isa = PBXGroup;
			children = (
				A5000006 /* Today */,
				A5000007 /* Session */,
				A5000008 /* History */,
				A5000009 /* Trends */,
				A5000010 /* Settings */,
				A5000014 /* Plan */,
			);
			path = Views;
			sourceTree = "<group>";
		};
		A5000006 /* Today */ = {
			isa = PBXGroup;
			children = (
				A2000015 /* TodayView.swift */,
				A2000016 /* LastSessionCard.swift */,
				A2000017 /* TodaySessionCard.swift */,
			);
			path = Today;
			sourceTree = "<group>";
		};
		A5000007 /* Session */ = {
			isa = PBXGroup;
			children = (
				A2000018 /* ActiveSessionView.swift */,
				A2000019 /* SessionCompleteView.swift */,
			);
			path = Session;
			sourceTree = "<group>";
		};
		A5000008 /* History */ = {
			isa = PBXGroup;
			children = (
				A2000020 /* HistoryView.swift */,
				A2000021 /* CalendarView.swift */,
				A2000022 /* SessionDetailView.swift */,
			);
			path = History;
			sourceTree = "<group>";
		};
		A5000009 /* Trends */ = {
			isa = PBXGroup;
			children = (
				A2000023 /* TrendsView.swift */,
			);
			path = Trends;
			sourceTree = "<group>";
		};
		A5000010 /* Settings */ = {
			isa = PBXGroup;
			children = (
				A2000024 /* SettingsView.swift */,
				A2000026 /* ExerciseLibraryView.swift */,
			);
			path = Settings;
			sourceTree = "<group>";
		};
		A5000011 /* Utilities */ = {
			isa = PBXGroup;
			children = (
				A2000011 /* DesignTokens.swift */,
				A2000012 /* HapticManager.swift */,
				A2000013 /* DateFormatters.swift */,
				A2000014 /* OneRepMaxCalculator.swift */,
			);
			path = Utilities;
			sourceTree = "<group>";
		};
		A5000012 /* Services */ = {
			isa = PBXGroup;
			children = (
				A2000027 /* ExerciseSeeder.swift */,
			);
			path = Services;
			sourceTree = "<group>";
		};
		A5000013 /* Resources */ = {
			isa = PBXGroup;
			children = (
				A2000028 /* DefaultExercises.json */,
				A2000029 /* Assets.xcassets */,
			);
			path = Resources;
			sourceTree = "<group>";
		};
		A5000014 /* Plan */ = {
			isa = PBXGroup;
			children = (
				A2000025 /* PlanSetupView.swift */,
			);
			path = Plan;
			sourceTree = "<group>";
		};
/* End PBXGroup section */

/* Begin PBXNativeTarget section */
		A6000001 /* Spotter */ = {
			isa = PBXNativeTarget;
			buildConfigurationList = A7000003 /* Build configuration list for PBXNativeTarget "Spotter" */;
			buildPhases = (
				A6000002 /* Sources */,
				A4000001 /* Frameworks */,
				A6000003 /* Resources */,
			);
			buildRules = (
			);
			dependencies = (
			);
			name = Spotter;
			productName = Spotter;
			productReference = A3000001 /* Spotter.app */;
			productType = "com.apple.product-type.application";
		};
/* End PBXNativeTarget section */

/* Begin PBXProject section */
		A8000001 /* Project object */ = {
			isa = PBXProject;
			attributes = {
				BuildIndependentTargetsInParallel = 1;
				LastSwiftUpdateCheck = 1500;
				LastUpgradeCheck = 1500;
				TargetAttributes = {
					A6000001 = {
						CreatedOnToolsVersion = 15.0;
					};
				};
			};
			buildConfigurationList = A7000001 /* Build configuration list for PBXProject "Spotter" */;
			compatibilityVersion = "Xcode 14.0";
			developmentRegion = en;
			hasScannedForEncodings = 0;
			knownRegions = (
				en,
				Base,
			);
			mainGroup = A5000001;
			productRefGroup = A5000003 /* Products */;
			projectDirPath = "";
			projectRoot = "";
			targets = (
				A6000001 /* Spotter */,
			);
		};
/* End PBXProject section */

/* Begin PBXResourcesBuildPhase section */
		A6000003 /* Resources */ = {
			isa = PBXResourcesBuildPhase;
			buildActionMask = 2147483647;
			files = (
				A1000028 /* DefaultExercises.json in Resources */,
				A1000029 /* Assets.xcassets in Resources */,
			);
			runOnlyForDeploymentPostprocessing = 0;
		};
/* End PBXResourcesBuildPhase section */

/* Begin PBXSourcesBuildPhase section */
		A6000002 /* Sources */ = {
			isa = PBXSourcesBuildPhase;
			buildActionMask = 2147483647;
			files = (
				A1000001 /* SpotterApp.swift in Sources */,
				A1000002 /* ContentView.swift in Sources */,
				A1000003 /* WeightUnit.swift in Sources */,
				A1000004 /* ExerciseModality.swift in Sources */,
				A1000005 /* Exercise.swift in Sources */,
				A1000006 /* Session.swift in Sources */,
				A1000007 /* SetEntry.swift in Sources */,
				A1000008 /* TrainingPlan.swift in Sources */,
				A1000009 /* PlanDay.swift in Sources */,
				A1000010 /* PlannedExercise.swift in Sources */,
				A1000011 /* DesignTokens.swift in Sources */,
				A1000012 /* HapticManager.swift in Sources */,
				A1000013 /* DateFormatters.swift in Sources */,
				A1000014 /* OneRepMaxCalculator.swift in Sources */,
				A1000015 /* TodayView.swift in Sources */,
				A1000016 /* LastSessionCard.swift in Sources */,
				A1000017 /* TodaySessionCard.swift in Sources */,
				A1000018 /* ActiveSessionView.swift in Sources */,
				A1000019 /* SessionCompleteView.swift in Sources */,
				A1000020 /* HistoryView.swift in Sources */,
				A1000021 /* CalendarView.swift in Sources */,
				A1000022 /* SessionDetailView.swift in Sources */,
				A1000023 /* TrendsView.swift in Sources */,
				A1000024 /* SettingsView.swift in Sources */,
				A1000025 /* PlanSetupView.swift in Sources */,
				A1000026 /* ExerciseLibraryView.swift in Sources */,
				A1000027 /* ExerciseSeeder.swift in Sources */,
			);
			runOnlyForDeploymentPostprocessing = 0;
		};
/* End PBXSourcesBuildPhase section */

/* Begin XCBuildConfiguration section */
		A7000002 /* Debug */ = {
			isa = XCBuildConfiguration;
			buildSettings = {
				ALWAYS_SEARCH_USER_PATHS = NO;
				ASSETCATALOG_COMPILER_GENERATE_SWIFT_ASSET_SYMBOL_EXTENSIONS = YES;
				CLANG_ANALYZER_NONNULL = YES;
				CLANG_ANALYZER_NUMBER_OBJECT_CONVERSION = YES_AGGRESSIVE;
				CLANG_CXX_LANGUAGE_STANDARD = "gnu++20";
				CLANG_ENABLE_MODULES = YES;
				CLANG_ENABLE_OBJC_ARC = YES;
				CLANG_ENABLE_OBJC_WEAK = YES;
				CLANG_WARN_BLOCK_CAPTURE_AUTORELEASING = YES;
				CLANG_WARN_BOOL_CONVERSION = YES;
				CLANG_WARN_COMMA = YES;
				CLANG_WARN_CONSTANT_CONVERSION = YES;
				CLANG_WARN_DEPRECATED_OBJC_IMPLEMENTATIONS = YES;
				CLANG_WARN_DIRECT_OBJC_ISA_USAGE = YES_ERROR;
				CLANG_WARN_DOCUMENTATION_COMMENTS = YES;
				CLANG_WARN_EMPTY_BODY = YES;
				CLANG_WARN_ENUM_CONVERSION = YES;
				CLANG_WARN_INFINITE_RECURSION = YES;
				CLANG_WARN_INT_CONVERSION = YES;
				CLANG_WARN_NON_LITERAL_NULL_CONVERSION = YES;
				CLANG_WARN_OBJC_IMPLICIT_RETAIN_SELF = YES;
				CLANG_WARN_OBJC_LITERAL_CONVERSION = YES;
				CLANG_WARN_OBJC_ROOT_CLASS = YES_ERROR;
				CLANG_WARN_QUOTED_INCLUDE_IN_FRAMEWORK_HEADER = YES;
				CLANG_WARN_RANGE_LOOP_ANALYSIS = YES;
				CLANG_WARN_STRICT_PROTOTYPES = YES;
				CLANG_WARN_SUSPICIOUS_MOVE = YES;
				CLANG_WARN_UNGUARDED_AVAILABILITY = YES_AGGRESSIVE;
				CLANG_WARN_UNREACHABLE_CODE = YES;
				CLANG_WARN__DUPLICATE_METHOD_MATCH = YES;
				COPY_PHASE_STRIP = NO;
				DEBUG_INFORMATION_FORMAT = dwarf;
				ENABLE_STRICT_OBJC_MSGSEND = YES;
				ENABLE_TESTABILITY = YES;
				ENABLE_USER_SCRIPT_SANDBOXING = YES;
				GCC_C_LANGUAGE_STANDARD = gnu17;
				GCC_DYNAMIC_NO_PIC = NO;
				GCC_NO_COMMON_BLOCKS = YES;
				GCC_OPTIMIZATION_LEVEL = 0;
				GCC_PREPROCESSOR_DEFINITIONS = (
					"DEBUG=1",
					"$(inherited)",
				);
				GCC_WARN_64_TO_32_BIT_CONVERSION = YES;
				GCC_WARN_ABOUT_RETURN_TYPE = YES_ERROR;
				GCC_WARN_UNDECLARED_SELECTOR = YES;
				GCC_WARN_UNINITIALIZED_AUTOS = YES_AGGRESSIVE;
				GCC_WARN_UNUSED_FUNCTION = YES;
				GCC_WARN_UNUSED_VARIABLE = YES;
				IPHONEOS_DEPLOYMENT_TARGET = 17.0;
				LOCALIZATION_PREFERS_STRING_CATALOGS = YES;
				MTL_ENABLE_DEBUG_INFO = INCLUDE_SOURCE;
				MTL_FAST_MATH = YES;
				ONLY_ACTIVE_ARCH = YES;
				SDKROOT = iphoneos;
				SWIFT_ACTIVE_COMPILATION_CONDITIONS = "DEBUG $(inherited)";
				SWIFT_OPTIMIZATION_LEVEL = "-Onone";
			};
			name = Debug;
		};
		A7000004 /* Release */ = {
			isa = XCBuildConfiguration;
			buildSettings = {
				ALWAYS_SEARCH_USER_PATHS = NO;
				ASSETCATALOG_COMPILER_GENERATE_SWIFT_ASSET_SYMBOL_EXTENSIONS = YES;
				CLANG_ANALYZER_NONNULL = YES;
				CLANG_ANALYZER_NUMBER_OBJECT_CONVERSION = YES_AGGRESSIVE;
				CLANG_CXX_LANGUAGE_STANDARD = "gnu++20";
				CLANG_ENABLE_MODULES = YES;
				CLANG_ENABLE_OBJC_ARC = YES;
				CLANG_ENABLE_OBJC_WEAK = YES;
				CLANG_WARN_BLOCK_CAPTURE_AUTORELEASING = YES;
				CLANG_WARN_BOOL_CONVERSION = YES;
				CLANG_WARN_COMMA = YES;
				CLANG_WARN_CONSTANT_CONVERSION = YES;
				CLANG_WARN_DEPRECATED_OBJC_IMPLEMENTATIONS = YES;
				CLANG_WARN_DIRECT_OBJC_ISA_USAGE = YES_ERROR;
				CLANG_WARN_DOCUMENTATION_COMMENTS = YES;
				CLANG_WARN_EMPTY_BODY = YES;
				CLANG_WARN_ENUM_CONVERSION = YES;
				CLANG_WARN_INFINITE_RECURSION = YES;
				CLANG_WARN_INT_CONVERSION = YES;
				CLANG_WARN_NON_LITERAL_NULL_CONVERSION = YES;
				CLANG_WARN_OBJC_IMPLICIT_RETAIN_SELF = YES;
				CLANG_WARN_OBJC_LITERAL_CONVERSION = YES;
				CLANG_WARN_OBJC_ROOT_CLASS = YES_ERROR;
				CLANG_WARN_QUOTED_INCLUDE_IN_FRAMEWORK_HEADER = YES;
				CLANG_WARN_RANGE_LOOP_ANALYSIS = YES;
				CLANG_WARN_STRICT_PROTOTYPES = YES;
				CLANG_WARN_SUSPICIOUS_MOVE = YES;
				CLANG_WARN_UNGUARDED_AVAILABILITY = YES_AGGRESSIVE;
				CLANG_WARN_UNREACHABLE_CODE = YES;
				CLANG_WARN__DUPLICATE_METHOD_MATCH = YES;
				COPY_PHASE_STRIP = NO;
				DEBUG_INFORMATION_FORMAT = "dwarf-with-dsym";
				ENABLE_NS_ASSERTIONS = NO;
				ENABLE_STRICT_OBJC_MSGSEND = YES;
				ENABLE_USER_SCRIPT_SANDBOXING = YES;
				GCC_C_LANGUAGE_STANDARD = gnu17;
				GCC_NO_COMMON_BLOCKS = YES;
				GCC_WARN_64_TO_32_BIT_CONVERSION = YES;
				GCC_WARN_ABOUT_RETURN_TYPE = YES_ERROR;
				GCC_WARN_UNDECLARED_SELECTOR = YES;
				GCC_WARN_UNINITIALIZED_AUTOS = YES_AGGRESSIVE;
				GCC_WARN_UNUSED_FUNCTION = YES;
				GCC_WARN_UNUSED_VARIABLE = YES;
				IPHONEOS_DEPLOYMENT_TARGET = 17.0;
				LOCALIZATION_PREFERS_STRING_CATALOGS = YES;
				MTL_ENABLE_DEBUG_INFO = NO;
				MTL_FAST_MATH = YES;
				SDKROOT = iphoneos;
				SWIFT_COMPILATION_MODE = wholemodule;
				VALIDATE_PRODUCT = YES;
			};
			name = Release;
		};
		A7000005 /* Debug */ = {
			isa = XCBuildConfiguration;
			buildSettings = {
				ASSETCATALOG_COMPILER_APPICON_NAME = AppIcon;
				ASSETCATALOG_COMPILER_GLOBAL_ACCENT_COLOR_NAME = AccentColor;
				CODE_SIGN_IDENTITY = "Apple Development";
				CODE_SIGN_STYLE = Automatic;
				CURRENT_PROJECT_VERSION = 1;
				DEVELOPMENT_TEAM = "";
				ENABLE_PREVIEWS = YES;
				GENERATE_INFOPLIST_FILE = YES;
				INFOPLIST_KEY_CFBundleDisplayName = Spotter;
				INFOPLIST_KEY_LSApplicationCategoryType = "public.app-category.healthcare-fitness";
				INFOPLIST_KEY_UIApplicationSceneManifest_Generation = YES;
				INFOPLIST_KEY_UIApplicationSupportsIndirectInputEvents = YES;
				INFOPLIST_KEY_UILaunchScreen_Generation = YES;
				INFOPLIST_KEY_UISupportedInterfaceOrientations_iPad = "UIInterfaceOrientationPortrait UIInterfaceOrientationPortraitUpsideDown UIInterfaceOrientationLandscapeLeft UIInterfaceOrientationLandscapeRight";
				INFOPLIST_KEY_UISupportedInterfaceOrientations_iPhone = "UIInterfaceOrientationPortrait UIInterfaceOrientationLandscapeLeft UIInterfaceOrientationLandscapeRight";
				LD_RUNPATH_SEARCH_PATHS = (
					"$(inherited)",
					"@executable_path/Frameworks",
				);
				MARKETING_VERSION = 1.0;
				PRODUCT_BUNDLE_IDENTIFIER = com.spotter.app;
				PRODUCT_NAME = "$(TARGET_NAME)";
				SWIFT_EMIT_LOC_STRINGS = YES;
				SWIFT_VERSION = 5.0;
				TARGETED_DEVICE_FAMILY = "1,2";
			};
			name = Debug;
		};
		A7000006 /* Release */ = {
			isa = XCBuildConfiguration;
			buildSettings = {
				ASSETCATALOG_COMPILER_APPICON_NAME = AppIcon;
				ASSETCATALOG_COMPILER_GLOBAL_ACCENT_COLOR_NAME = AccentColor;
				CODE_SIGN_IDENTITY = "Apple Development";
				CODE_SIGN_STYLE = Automatic;
				CURRENT_PROJECT_VERSION = 1;
				DEVELOPMENT_TEAM = "";
				ENABLE_PREVIEWS = YES;
				GENERATE_INFOPLIST_FILE = YES;
				INFOPLIST_KEY_CFBundleDisplayName = Spotter;
				INFOPLIST_KEY_LSApplicationCategoryType = "public.app-category.healthcare-fitness";
				INFOPLIST_KEY_UIApplicationSceneManifest_Generation = YES;
				INFOPLIST_KEY_UIApplicationSupportsIndirectInputEvents = YES;
				INFOPLIST_KEY_UILaunchScreen_Generation = YES;
				INFOPLIST_KEY_UISupportedInterfaceOrientations_iPad = "UIInterfaceOrientationPortrait UIInterfaceOrientationPortraitUpsideDown UIInterfaceOrientationLandscapeLeft UIInterfaceOrientationLandscapeRight";
				INFOPLIST_KEY_UISupportedInterfaceOrientations_iPhone = "UIInterfaceOrientationPortrait UIInterfaceOrientationLandscapeLeft UIInterfaceOrientationLandscapeRight";
				LD_RUNPATH_SEARCH_PATHS = (
					"$(inherited)",
					"@executable_path/Frameworks",
				);
				MARKETING_VERSION = 1.0;
				PRODUCT_BUNDLE_IDENTIFIER = com.spotter.app;
				PRODUCT_NAME = "$(TARGET_NAME)";
				SWIFT_EMIT_LOC_STRINGS = YES;
				SWIFT_VERSION = 5.0;
				TARGETED_DEVICE_FAMILY = "1,2";
			};
			name = Release;
		};
/* End XCBuildConfiguration section */

/* Begin XCConfigurationList section */
		A7000001 /* Build configuration list for PBXProject "Spotter" */ = {
			isa = XCConfigurationList;
			buildConfigurations = (
				A7000002 /* Debug */,
				A7000004 /* Release */,
			);
			defaultConfigurationIsVisible = 0;
			defaultConfigurationName = Release;
		};
		A7000003 /* Build configuration list for PBXNativeTarget "Spotter" */ = {
			isa = XCConfigurationList;
			buildConfigurations = (
				A7000005 /* Debug */,
				A7000006 /* Release */,
			);
			defaultConfigurationIsVisible = 0;
			defaultConfigurationName = Release;
		};
/* End XCConfigurationList section */
	};
	rootObject = A8000001 /* Project object */;
}
